
Microsoft Visual Studio Solution File, Format Version 12.00
# Visual Studio Version 16
VisualStudioVersion = 16.0.30621.155
MinimumVisualStudioVersion = 10.0.40219.1
Project("{FAE04EC0-301F-11D3-BF4B-00C04F79EFBC}") = "Singleton", "Singleton\Singleton.csproj", "{11314923-B42B-45A5-A76E-3408CDA2B7A2}"
EndProject
Global
	GlobalSection(SolutionConfigurationPlatforms) = preSolution
		Debug|Any CPU = Debug|Any CPU
		Release|Any CPU = Release|Any CPU
	EndGlobalSection
	GlobalSection(ProjectConfigurationPlatforms) = postSolution
		{11314923-B42B-45A5-A76E-3408CDA2B7A2}.Debug|Any CPU.ActiveCfg = Debug|Any CPU
		{11314923-B42B-45A5-A76E-3408CDA2B7A2}.Debug|Any CPU.Build.0 = Debug|Any CPU
		{11314923-B42B-45A5-A76E-3408CDA2B7A2}.Release|Any CPU.ActiveCfg = Release|Any CPU
		{11314923-B42B-45A5-A76E-3408CDA2B7A2}.Release|Any CPU.Build.0 = Release|Any CPU
	EndGlobalSection
	GlobalSection(SolutionProperties) = preSolution
		HideSolutionNode = FALSE
	EndGlobalSection
	GlobalSection(ExtensibilityGlobals) = postSolution
		SolutionGuid = {03E537AF-B359-4055-B86B-E2A03B47174E}
	EndGlobalSection
EndGlobal
